
Microsoft Visual Studio Solution File, Format Version 12.00
# Visual Studio Version 17
VisualStudioVersion = 17.14.37111.16 d17.14
MinimumVisualStudioVersion = 10.0.40219.1
Project("{D2ABAB84-BF74-430A-B69E-9DC6D40DDA17}") = "Ecom_Final_Project_it23809024", "Ecom_Final_Project_it23809024\Ecom_Final_Project_it23809024.dwproj", "{2D2D8CB5-14C9-1125-1691-2AE0ECF22FF0}"
EndProject
Global
	GlobalSection(SolutionConfigurationPlatforms) = preSolution
		Development|Default = Development|Default
	EndGlobalSection
	GlobalSection(ProjectConfigurationPlatforms) = postSolution
		{2D2D8CB5-14C9-1125-1691-2AE0ECF22FF0}.Development|Default.ActiveCfg = Development
		{2D2D8CB5-14C9-1125-1691-2AE0ECF22FF0}.Development|Default.Build.0 = Development
		{2D2D8CB5-14C9-1125-1691-2AE0ECF22FF0}.Development|Default.Deploy.0 = Development
	EndGlobalSection
	GlobalSection(SolutionProperties) = preSolution
		HideSolutionNode = FALSE
	EndGlobalSection
	GlobalSection(ExtensibilityGlobals) = postSolution
		SolutionGuid = {DAA833AE-F865-433E-8616-B8DFB35E9D61}
	EndGlobalSection
EndGlobal
